
Microsoft Visual Studio Solution File, Format Version 12.00
# Visual Studio Version 16
VisualStudioVersion = 16.0.29926.136
MinimumVisualStudioVersion = 10.0.40219.1
Project("{FAE04EC0-301F-11D3-BF4B-00C04F79EFBC}") = "ChatApplication1", "ChatApplication1\ChatApplication1.csproj", "{11DB6A71-97FD-4A01-BDC6-6BBD1891096D}"
EndProject
Global
	GlobalSection(SolutionConfigurationPlatforms) = preSolution
		Debug|Any CPU = Debug|Any CPU
		Release|Any CPU = Release|Any CPU
	EndGlobalSection
	GlobalSection(ProjectConfigurationPlatforms) = postSolution
		{11DB6A71-97FD-4A01-BDC6-6BBD1891096D}.Debug|Any CPU.ActiveCfg = Debug|Any CPU
		{11DB6A71-97FD-4A01-BDC6-6BBD1891096D}.Debug|Any CPU.Build.0 = Debug|Any CPU
		{11DB6A71-97FD-4A01-BDC6-6BBD1891096D}.Release|Any CPU.ActiveCfg = Release|Any CPU
		{11DB6A71-97FD-4A01-BDC6-6BBD1891096D}.Release|Any CPU.Build.0 = Release|Any CPU
	EndGlobalSection
	GlobalSection(SolutionProperties) = preSolution
		HideSolutionNode = FALSE
	EndGlobalSection
	GlobalSection(ExtensibilityGlobals) = postSolution
		SolutionGuid = {8D9F968D-58CB-4630-BD0B-88E41C93F2D3}
	EndGlobalSection
EndGlobal
